{
  "name": "@misty-step/omp-config",
  "version": "0.1.0",
  "lockfileVersion": 3,
  "requires": true,
  "packages": {
    "": {
      "name": "@misty-step/omp-config",
      "version": "0.1.0",
      "dependencies": {
        "@misty-step/harness-primitives": "file:../harness-primitives",
        "@misty-step/qa-users": "file:../qa-users"
      }
    },
    "node_modules/@misty-step/harness-primitives": {
      "resolved": "../harness-primitives",
      "link": true
    },
    "node_modules/@misty-step/qa-users": {
      "resolved": "../qa-users",
      "link": true
    }
  }
}
